
Microsoft Visual Studio Solution File, Format Version 12.00
# Visual Studio Version 17
VisualStudioVersion = 17.14.36203.30 d17.14
MinimumVisualStudioVersion = 10.0.40219.1
Project("{FAE04EC0-301F-11D3-BF4B-00C04F79EFBC}") = "LearnConcurrency", "LearnConcurrency\LearnConcurrency.csproj", "{BA592436-F846-41F0-9E87-DB4E54D28F7C}"
EndProject
Global
	GlobalSection(SolutionConfigurationPlatforms) = preSolution
		Debug|Any CPU = Debug|Any CPU
		Release|Any CPU = Release|Any CPU
	EndGlobalSection
	GlobalSection(ProjectConfigurationPlatforms) = postSolution
		{BA592436-F846-41F0-9E87-DB4E54D28F7C}.Debug|Any CPU.ActiveCfg = Debug|Any CPU
		{BA592436-F846-41F0-9E87-DB4E54D28F7C}.Debug|Any CPU.Build.0 = Debug|Any CPU
		{BA592436-F846-41F0-9E87-DB4E54D28F7C}.Release|Any CPU.ActiveCfg = Release|Any CPU
		{BA592436-F846-41F0-9E87-DB4E54D28F7C}.Release|Any CPU.Build.0 = Release|Any CPU
	EndGlobalSection
	GlobalSection(SolutionProperties) = preSolution
		HideSolutionNode = FALSE
	EndGlobalSection
	GlobalSection(ExtensibilityGlobals) = postSolution
		SolutionGuid = {92186DDE-337E-4BE5-B708-771A6D9BB6E6}
	EndGlobalSection
EndGlobal
